
Microsoft Visual Studio Solution File, Format Version 12.00
# Visual Studio Version 17
VisualStudioVersion = 17.2.32630.192
MinimumVisualStudioVersion = 10.0.40219.1
Project("{FAE04EC0-301F-11D3-BF4B-00C04F79EFBC}") = "EmployeeWageComputation", "EmployeeWageComputation\EmployeeWageComputation.csproj", "{78BEEE7F-F354-48FC-BB50-FE189C60E09B}"
EndProject
Global
	GlobalSection(SolutionConfigurationPlatforms) = preSolution
		Debug|Any CPU = Debug|Any CPU
		Release|Any CPU = Release|Any CPU
	EndGlobalSection
	GlobalSection(ProjectConfigurationPlatforms) = postSolution
		{78BEEE7F-F354-48FC-BB50-FE189C60E09B}.Debug|Any CPU.ActiveCfg = Debug|Any CPU
		{78BEEE7F-F354-48FC-BB50-FE189C60E09B}.Debug|Any CPU.Build.0 = Debug|Any CPU
		{78BEEE7F-F354-48FC-BB50-FE189C60E09B}.Release|Any CPU.ActiveCfg = Release|Any CPU
		{78BEEE7F-F354-48FC-BB50-FE189C60E09B}.Release|Any CPU.Build.0 = Release|Any CPU
	EndGlobalSection
	GlobalSection(SolutionProperties) = preSolution
		HideSolutionNode = FALSE
	EndGlobalSection
	GlobalSection(ExtensibilityGlobals) = postSolution
		SolutionGuid = {A921C0E3-40CC-4965-AFB1-9369B77BCFA5}
	EndGlobalSection
EndGlobal
